// !$*UTF8*$!
{
	archiveVersion = 1;
	classes = {
	};
	objectVersion = 55;
	objects = {

/* Begin PBXBuildFile section */
		014385BE2966698A00E754E9 /* SegmentedControlTableViewCell.swift in Sources */ = {isa = PBXBuildFile; fileRef = 014385BD2966698A00E754E9 /* SegmentedControlTableViewCell.swift */; };
		0168CC98295DA07600B093CE /* AppDelegate.swift in Sources */ = {isa = PBXBuildFile; fileRef = 0168CC97295DA07600B093CE /* AppDelegate.swift */; };
		0168CC9A295DA07600B093CE /* SceneDelegate.swift in Sources */ = {isa = PBXBuildFile; fileRef = 0168CC99295DA07600B093CE /* SceneDelegate.swift */; };
		0168CC9C295DA07600B093CE /* ImageCollectionViewController.swift in Sources */ = {isa = PBXBuildFile; fileRef = 0168CC9B295DA07600B093CE /* ImageCollectionViewController.swift */; };
		0168CCA2295DA07600B093CE /* MobileLifeTest.xcdatamodeld in Sources */ = {isa = PBXBuildFile; fileRef = 0168CCA0295DA07600B093CE /* MobileLifeTest.xcdatamodeld */; };
		0168CCA4295DA07600B093CE /* Assets.xcassets in Resources */ = {isa = PBXBuildFile; fileRef = 0168CCA3295DA07600B093CE /* Assets.xcassets */; };
		0168CCA7295DA07700B093CE /* LaunchScreen.storyboard in Resources */ = {isa = PBXBuildFile; fileRef = 0168CCA5295DA07600B093CE /* LaunchScreen.storyboard */; };
		0168CCB2295DA07700B093CE /* MobileLifeTestTests.swift in Sources */ = {isa = PBXBuildFile; fileRef = 0168CCB1295DA07700B093CE /* MobileLifeTestTests.swift */; };
		0168CCBC295DA07700B093CE /* MobileLifeTestUITests.swift in Sources */ = {isa = PBXBuildFile; fileRef = 0168CCBB295DA07700B093CE /* MobileLifeTestUITests.swift */; };
		0168CCBE295DA07700B093CE /* MobileLifeTestUITestsLaunchTests.swift in Sources */ = {isa = PBXBuildFile; fileRef = 0168CCBD295DA07700B093CE /* MobileLifeTestUITestsLaunchTests.swift */; };
		0168CCCE295DA47800B093CE /* ImageCollectionView.swift in Sources */ = {isa = PBXBuildFile; fileRef = 0168CCCD295DA47800B093CE /* ImageCollectionView.swift */; };
		0168CCD1295DA85C00B093CE /* ImageCollectionViewModel.swift in Sources */ = {isa = PBXBuildFile; fileRef = 0168CCD0295DA85C00B093CE /* ImageCollectionViewModel.swift */; };
		019F8D72295DB2D400685589 /* API.swift in Sources */ = {isa = PBXBuildFile; fileRef = 019F8D71295DB2D400685589 /* API.swift */; };
		019F8D75295DB3DD00685589 /* Picture.swift in Sources */ = {isa = PBXBuildFile; fileRef = 019F8D74295DB3DD00685589 /* Picture.swift */; };
		019F8D77295DB45900685589 /* URLType.swift in Sources */ = {isa = PBXBuildFile; fileRef = 019F8D76295DB45900685589 /* URLType.swift */; };
		019F8D7F295DC4CA00685589 /* ImageCollectionViewCell.swift in Sources */ = {isa = PBXBuildFile; fileRef = 019F8D7E295DC4CA00685589 /* ImageCollectionViewCell.swift */; };
		019F8D83295DD12A00685589 /* SnappingCollectionViewFlowLayout.swift in Sources */ = {isa = PBXBuildFile; fileRef = 019F8D82295DD12A00685589 /* SnappingCollectionViewFlowLayout.swift */; };
		019F8D86295E7C7400685589 /* CGSize+FitScreen.swift in Sources */ = {isa = PBXBuildFile; fileRef = 019F8D85295E7C7400685589 /* CGSize+FitScreen.swift */; };
		019F8D892965469500685589 /* Coordinator.swift in Sources */ = {isa = PBXBuildFile; fileRef = 019F8D882965469500685589 /* Coordinator.swift */; };
		019F8D8C2965471600685589 /* ImageDetailViewController.swift in Sources */ = {isa = PBXBuildFile; fileRef = 019F8D8B2965471600685589 /* ImageDetailViewController.swift */; };
		019F8D8E29654DC000685589 /* ImageDetailViewModel.swift in Sources */ = {isa = PBXBuildFile; fileRef = 019F8D8D29654DC000685589 /* ImageDetailViewModel.swift */; };
		019F8D9029654E6000685589 /* ImageDetailView.swift in Sources */ = {isa = PBXBuildFile; fileRef = 019F8D8F29654E6000685589 /* ImageDetailView.swift */; };
		019F8D92296564A000685589 /* TitleValueTableViewCell.swift in Sources */ = {isa = PBXBuildFile; fileRef = 019F8D91296564A000685589 /* TitleValueTableViewCell.swift */; };
		019F8D9529665EED00685589 /* Localizable.strings in Resources */ = {isa = PBXBuildFile; fileRef = 019F8D9729665EED00685589 /* Localizable.strings */; };
		466DBCBBF50A0A1C3C7321D3 /* libPods-MobileLifeTest.a in Frameworks */ = {isa = PBXBuildFile; fileRef = D3B407EEA02BE28DCD9DAD16 /* libPods-MobileLifeTest.a */; };
/* End PBXBuildFile section */

/* Begin PBXContainerItemProxy section */
		0168CCAE295DA07700B093CE /* PBXContainerItemProxy */ = {
			isa = PBXContainerItemProxy;
			containerPortal = 0168CC8C295DA07600B093CE /* Project object */;
			proxyType = 1;
			remoteGlobalIDString = 0168CC93295DA07600B093CE;
			remoteInfo = MobileLifeTest;
		};
		0168CCB8295DA07700B093CE /* PBXContainerItemProxy */ = {
			isa = PBXContainerItemProxy;
			containerPortal = 0168CC8C295DA07600B093CE /* Project object */;
			proxyType = 1;
			remoteGlobalIDString = 0168CC93295DA07600B093CE;
			remoteInfo = MobileLifeTest;
		};
/* End PBXContainerItemProxy section */

/* Begin PBXFileReference section */
		014385BD2966698A00E754E9 /* SegmentedControlTableViewCell.swift */ = {isa = PBXFileReference; lastKnownFileType = sourcecode.swift; path = SegmentedControlTableViewCell.swift; sourceTree = "<group>"; };
		0168CC94295DA07600B093CE /* MobileLifeTest.app */ = {isa = PBXFileReference; explicitFileType = wrapper.application; includeInIndex = 0; path = MobileLifeTest.app; sourceTree = BUILT_PRODUCTS_DIR; };
		0168CC97295DA07600B093CE /* AppDelegate.swift */ = {isa = PBXFileReference; lastKnownFileType = sourcecode.swift; path = AppDelegate.swift; sourceTree = "<group>"; };
		0168CC99295DA07600B093CE /* SceneDelegate.swift */ = {isa = PBXFileReference; lastKnownFileType = sourcecode.swift; path = SceneDelegate.swift; sourceTree = "<group>"; };
		0168CC9B295DA07600B093CE /* ImageCollectionViewController.swift */ = {isa = PBXFileReference; lastKnownFileType = sourcecode.swift; path = ImageCollectionViewController.swift; sourceTree = "<group>"; };
		0168CCA1295DA07600B093CE /* MobileLifeTest.xcdatamodel */ = {isa = PBXFileReference; lastKnownFileType = wrapper.xcdatamodel; path = MobileLifeTest.xcdatamodel; sourceTree = "<group>"; };
		0168CCA3295DA07600B093CE /* Assets.xcassets */ = {isa = PBXFileReference; lastKnownFileType = folder.assetcatalog; path = Assets.xcassets; sourceTree = "<group>"; };
		0168CCA6295DA07700B093CE /* Base */ = {isa = PBXFileReference; lastKnownFileType = file.storyboard; name = Base; path = Base.lproj/LaunchScreen.storyboard; sourceTree = "<group>"; };
		0168CCA8295DA07700B093CE /* Info.plist */ = {isa = PBXFileReference; lastKnownFileType = text.plist.xml; path = Info.plist; sourceTree = "<group>"; };
		0168CCAD295DA07700B093CE /* MobileLifeTestTests.xctest */ = {isa = PBXFileReference; explicitFileType = wrapper.cfbundle; includeInIndex = 0; path = MobileLifeTestTests.xctest; sourceTree = BUILT_PRODUCTS_DIR; };
		0168CCB1295DA07700B093CE /* MobileLifeTestTests.swift */ = {isa = PBXFileReference; lastKnownFileType = sourcecode.swift; path = MobileLifeTestTests.swift; sourceTree = "<group>"; };
		0168CCB7295DA07700B093CE /* MobileLifeTestUITests.xctest */ = {isa = PBXFileReference; explicitFileType = wrapper.cfbundle; includeInIndex = 0; path = MobileLifeTestUITests.xctest; sourceTree = BUILT_PRODUCTS_DIR; };
		0168CCBB295DA07700B093CE /* MobileLifeTestUITests.swift */ = {isa = PBXFileReference; lastKnownFileType = sourcecode.swift; path = MobileLifeTestUITests.swift; sourceTree = "<group>"; };
		0168CCBD295DA07700B093CE /* MobileLifeTestUITestsLaunchTests.swift */ = {isa = PBXFileReference; lastKnownFileType = sourcecode.swift; path = MobileLifeTestUITestsLaunchTests.swift; sourceTree = "<group>"; };
		0168CCCD295DA47800B093CE /* ImageCollectionView.swift */ = {isa = PBXFileReference; lastKnownFileType = sourcecode.swift; path = ImageCollectionView.swift; sourceTree = "<group>"; };
		0168CCD0295DA85C00B093CE /* ImageCollectionViewModel.swift */ = {isa = PBXFileReference; lastKnownFileType = sourcecode.swift; path = ImageCollectionViewModel.swift; sourceTree = "<group>"; };
		019F8D71295DB2D400685589 /* API.swift */ = {isa = PBXFileReference; lastKnownFileType = sourcecode.swift; path = API.swift; sourceTree = "<group>"; };
		019F8D74295DB3DD00685589 /* Picture.swift */ = {isa = PBXFileReference; lastKnownFileType = sourcecode.swift; path = Picture.swift; sourceTree = "<group>"; };
		019F8D76295DB45900685589 /* URLType.swift */ = {isa = PBXFileReference; lastKnownFileType = sourcecode.swift; path = URLType.swift; sourceTree = "<group>"; };
		019F8D7E295DC4CA00685589 /* ImageCollectionViewCell.swift */ = {isa = PBXFileReference; lastKnownFileType = sourcecode.swift; path = ImageCollectionViewCell.swift; sourceTree = "<group>"; };
		019F8D82295DD12A00685589 /* SnappingCollectionViewFlowLayout.swift */ = {isa = PBXFileReference; lastKnownFileType = sourcecode.swift; path = SnappingCollectionViewFlowLayout.swift; sourceTree = "<group>"; };
		019F8D85295E7C7400685589 /* CGSize+FitScreen.swift */ = {isa = PBXFileReference; lastKnownFileType = sourcecode.swift; path = "CGSize+FitScreen.swift"; sourceTree = "<group>"; };
		019F8D882965469500685589 /* Coordinator.swift */ = {isa = PBXFileReference; lastKnownFileType = sourcecode.swift; path = Coordinator.swift; sourceTree = "<group>"; };
		019F8D8B2965471600685589 /* ImageDetailViewController.swift */ = {isa = PBXFileReference; lastKnownFileType = sourcecode.swift; path = ImageDetailViewController.swift; sourceTree = "<group>"; };
		019F8D8D29654DC000685589 /* ImageDetailViewModel.swift */ = {isa = PBXFileReference; lastKnownFileType = sourcecode.swift; path = ImageDetailViewModel.swift; sourceTree = "<group>"; };
		019F8D8F29654E6000685589 /* ImageDetailView.swift */ = {isa = PBXFileReference; lastKnownFileType = sourcecode.swift; path = ImageDetailView.swift; sourceTree = "<group>"; };
		019F8D91296564A000685589 /* TitleValueTableViewCell.swift */ = {isa = PBXFileReference; lastKnownFileType = sourcecode.swift; path = TitleValueTableViewCell.swift; sourceTree = "<group>"; };
		019F8D9629665EED00685589 /* en */ = {isa = PBXFileReference; lastKnownFileType = text.plist.strings; name = en; path = en.lproj/Localizable.strings; sourceTree = "<group>"; };
		295AB571550CCF4F1C22C378 /* Pods-MobileLifeTest.debug.xcconfig */ = {isa = PBXFileReference; includeInIndex = 1; lastKnownFileType = text.xcconfig; name = "Pods-MobileLifeTest.debug.xcconfig"; path = "Target Support Files/Pods-MobileLifeTest/Pods-MobileLifeTest.debug.xcconfig"; sourceTree = "<group>"; };
		5240E93AEE3E03C4BEA884E4 /* Pods-MobileLifeTest.release.xcconfig */ = {isa = PBXFileReference; includeInIndex = 1; lastKnownFileType = text.xcconfig; name = "Pods-MobileLifeTest.release.xcconfig"; path = "Target Support Files/Pods-MobileLifeTest/Pods-MobileLifeTest.release.xcconfig"; sourceTree = "<group>"; };
		D3B407EEA02BE28DCD9DAD16 /* libPods-MobileLifeTest.a */ = {isa = PBXFileReference; explicitFileType = archive.ar; includeInIndex = 0; path = "libPods-MobileLifeTest.a"; sourceTree = BUILT_PRODUCTS_DIR; };
/* End PBXFileReference section */

/* Begin PBXFrameworksBuildPhase section */
		0168CC91295DA07600B093CE /* Frameworks */ = {
			isa = PBXFrameworksBuildPhase;
			buildActionMask = 2147483647;
			files = (
				466DBCBBF50A0A1C3C7321D3 /* libPods-MobileLifeTest.a in Frameworks */,
			);
			runOnlyForDeploymentPostprocessing = 0;
		};
		0168CCAA295DA07700B093CE /* Frameworks */ = {
			isa = PBXFrameworksBuildPhase;
			buildActionMask = 2147483647;
			files = (
			);
			runOnlyForDeploymentPostprocessing = 0;
		};
		0168CCB4295DA07700B093CE /* Frameworks */ = {
			isa = PBXFrameworksBuildPhase;
			buildActionMask = 2147483647;
			files = (
			);
			runOnlyForDeploymentPostprocessing = 0;
		};
/* End PBXFrameworksBuildPhase section */

/* Begin PBXGroup section */
		0168CC8B295DA07600B093CE = {
			isa = PBXGroup;
			children = (
				0168CC96295DA07600B093CE /* MobileLifeTest */,
				0168CCB0295DA07700B093CE /* MobileLifeTestTests */,
				0168CCBA295DA07700B093CE /* MobileLifeTestUITests */,
				0168CC95295DA07600B093CE /* Products */,
				D1EE69D9CE40516BA3A2670D /* Pods */,
				3ADCFAF79581F38D3C471006 /* Frameworks */,
			);
			sourceTree = "<group>";
		};
		0168CC95295DA07600B093CE /* Products */ = {
			isa = PBXGroup;
			children = (
				0168CC94295DA07600B093CE /* MobileLifeTest.app */,
				0168CCAD295DA07700B093CE /* MobileLifeTestTests.xctest */,
				0168CCB7295DA07700B093CE /* MobileLifeTestUITests.xctest */,
			);
			name = Products;
			sourceTree = "<group>";
		};
		0168CC96295DA07600B093CE /* MobileLifeTest */ = {
			isa = PBXGroup;
			children = (
				019F8D872965468800685589 /* Coordinator */,
				019F8D84295E7C5F00685589 /* Extensions */,
				019F8D7D295DC4BB00685589 /* View */,
				019F8D78295DC32100685589 /* ImageCollection */,
				019F8D8A2965470000685589 /* ImageDetail */,
				019F8D70295DB2C200685589 /* Networking */,
				019F8D73295DB3D200685589 /* Model */,
				0168CC97295DA07600B093CE /* AppDelegate.swift */,
				0168CC99295DA07600B093CE /* SceneDelegate.swift */,
				0168CCA3295DA07600B093CE /* Assets.xcassets */,
				0168CCA5295DA07600B093CE /* LaunchScreen.storyboard */,
				0168CCA8295DA07700B093CE /* Info.plist */,
				0168CCA0295DA07600B093CE /* MobileLifeTest.xcdatamodeld */,
				019F8D9729665EED00685589 /* Localizable.strings */,
			);
			path = MobileLifeTest;
			sourceTree = "<group>";
		};
		0168CCB0295DA07700B093CE /* MobileLifeTestTests */ = {
			isa = PBXGroup;
			children = (
				0168CCB1295DA07700B093CE /* MobileLifeTestTests.swift */,
			);
			path = MobileLifeTestTests;
			sourceTree = "<group>";
		};
		0168CCBA295DA07700B093CE /* MobileLifeTestUITests */ = {
			isa = PBXGroup;
			children = (
				0168CCBB295DA07700B093CE /* MobileLifeTestUITests.swift */,
				0168CCBD295DA07700B093CE /* MobileLifeTestUITestsLaunchTests.swift */,
			);
			path = MobileLifeTestUITests;
			sourceTree = "<group>";
		};
		019F8D70295DB2C200685589 /* Networking */ = {
			isa = PBXGroup;
			children = (
				019F8D71295DB2D400685589 /* API.swift */,
			);
			path = Networking;
			sourceTree = "<group>";
		};
		019F8D73295DB3D200685589 /* Model */ = {
			isa = PBXGroup;
			children = (
				019F8D74295DB3DD00685589 /* Picture.swift */,
				019F8D76295DB45900685589 /* URLType.swift */,
			);
			path = Model;
			sourceTree = "<group>";
		};
		019F8D78295DC32100685589 /* ImageCollection */ = {
			isa = PBXGroup;
			children = (
				0168CCCD295DA47800B093CE /* ImageCollectionView.swift */,
				0168CC9B295DA07600B093CE /* ImageCollectionViewController.swift */,
				0168CCD0295DA85C00B093CE /* ImageCollectionViewModel.swift */,
			);
			path = ImageCollection;
			sourceTree = "<group>";
		};
		019F8D7D295DC4BB00685589 /* View */ = {
			isa = PBXGroup;
			children = (
				019F8D81295DD11B00685589 /* Collection View Layout */,
				019F8D80295DD11300685589 /* Cell */,
			);
			path = View;
			sourceTree = "<group>";
		};
		019F8D80295DD11300685589 /* Cell */ = {
			isa = PBXGroup;
			children = (
				019F8D7E295DC4CA00685589 /* ImageCollectionViewCell.swift */,
				019F8D91296564A000685589 /* TitleValueTableViewCell.swift */,
				014385BD2966698A00E754E9 /* SegmentedControlTableViewCell.swift */,
			);
			path = Cell;
			sourceTree = "<group>";
		};
		019F8D81295DD11B00685589 /* Collection View Layout */ = {
			isa = PBXGroup;
			children = (
				019F8D82295DD12A00685589 /* SnappingCollectionViewFlowLayout.swift */,
			);
			path = "Collection View Layout";
			sourceTree = "<group>";
		};
		019F8D84295E7C5F00685589 /* Extensions */ = {
			isa = PBXGroup;
			children = (
				019F8D85295E7C7400685589 /* CGSize+FitScreen.swift */,
			);
			path = Extensions;
			sourceTree = "<group>";
		};
		019F8D872965468800685589 /* Coordinator */ = {
			isa = PBXGroup;
			children = (
				019F8D882965469500685589 /* Coordinator.swift */,
			);
			path = Coordinator;
			sourceTree = "<group>";
		};
		019F8D8A2965470000685589 /* ImageDetail */ = {
			isa = PBXGroup;
			children = (
				019F8D8B2965471600685589 /* ImageDetailViewController.swift */,
				019F8D8D29654DC000685589 /* ImageDetailViewModel.swift */,
				019F8D8F29654E6000685589 /* ImageDetailView.swift */,
			);
			path = ImageDetail;
			sourceTree = "<group>";
		};
		3ADCFAF79581F38D3C471006 /* Frameworks */ = {
			isa = PBXGroup;
			children = (
				D3B407EEA02BE28DCD9DAD16 /* libPods-MobileLifeTest.a */,
			);
			name = Frameworks;
			sourceTree = "<group>";
		};
		D1EE69D9CE40516BA3A2670D /* Pods */ = {
			isa = PBXGroup;
			children = (
				295AB571550CCF4F1C22C378 /* Pods-MobileLifeTest.debug.xcconfig */,
				5240E93AEE3E03C4BEA884E4 /* Pods-MobileLifeTest.release.xcconfig */,
			);
			path = Pods;
			sourceTree = "<group>";
		};
/* End PBXGroup section */

/* Begin PBXNativeTarget section */
		0168CC93295DA07600B093CE /* MobileLifeTest */ = {
			isa = PBXNativeTarget;
			buildConfigurationList = 0168CCC1295DA07700B093CE /* Build configuration list for PBXNativeTarget "MobileLifeTest" */;
			buildPhases = (
				8978DE0D3AA4935FB8C2EADF /* [CP] Check Pods Manifest.lock */,
				0168CC90295DA07600B093CE /* Sources */,
				0168CC91295DA07600B093CE /* Frameworks */,
				0168CC92295DA07600B093CE /* Resources */,
			);
			buildRules = (
			);
			dependencies = (
			);
			name = MobileLifeTest;
			productName = MobileLifeTest;
			productReference = 0168CC94295DA07600B093CE /* MobileLifeTest.app */;
			productType = "com.apple.product-type.application";
		};
		0168CCAC295DA07700B093CE /* MobileLifeTestTests */ = {
			isa = PBXNativeTarget;
			buildConfigurationList = 0168CCC4295DA07700B093CE /* Build configuration list for PBXNativeTarget "MobileLifeTestTests" */;
			buildPhases = (
				0168CCA9295DA07700B093CE /* Sources */,
				0168CCAA295DA07700B093CE /* Frameworks */,
				0168CCAB295DA07700B093CE /* Resources */,
			);
			buildRules = (
			);
			dependencies = (
				0168CCAF295DA07700B093CE /* PBXTargetDependency */,
			);
			name = MobileLifeTestTests;
			productName = MobileLifeTestTests;
			productReference = 0168CCAD295DA07700B093CE /* MobileLifeTestTests.xctest */;
			productType = "com.apple.product-type.bundle.unit-test";
		};
		0168CCB6295DA07700B093CE /* MobileLifeTestUITests */ = {
			isa = PBXNativeTarget;
			buildConfigurationList = 0168CCC7295DA07700B093CE /* Build configuration list for PBXNativeTarget "MobileLifeTestUITests" */;
			buildPhases = (
				0168CCB3295DA07700B093CE /* Sources */,
				0168CCB4295DA07700B093CE /* Frameworks */,
				0168CCB5295DA07700B093CE /* Resources */,
			);
			buildRules = (
			);
			dependencies = (
				0168CCB9295DA07700B093CE /* PBXTargetDependency */,
			);
			name = MobileLifeTestUITests;
			productName = MobileLifeTestUITests;
			productReference = 0168CCB7295DA07700B093CE /* MobileLifeTestUITests.xctest */;
			productType = "com.apple.product-type.bundle.ui-testing";
		};
/* End PBXNativeTarget section */

/* Begin PBXProject section */
		0168CC8C295DA07600B093CE /* Project object */ = {
			isa = PBXProject;
			attributes = {
				BuildIndependentTargetsInParallel = 1;
				LastSwiftUpdateCheck = 1410;
				LastUpgradeCheck = 1410;
				TargetAttributes = {
					0168CC93295DA07600B093CE = {
						CreatedOnToolsVersion = 14.1;
					};
					0168CCAC295DA07700B093CE = {
						CreatedOnToolsVersion = 14.1;
						TestTargetID = 0168CC93295DA07600B093CE;
					};
					0168CCB6295DA07700B093CE = {
						CreatedOnToolsVersion = 14.1;
						TestTargetID = 0168CC93295DA07600B093CE;
					};
				};
			};
			buildConfigurationList = 0168CC8F295DA07600B093CE /* Build configuration list for PBXProject "MobileLifeTest" */;
			compatibilityVersion = "Xcode 13.0";
			developmentRegion = en;
			hasScannedForEncodings = 0;
			knownRegions = (
				en,
				Base,
			);
			mainGroup = 0168CC8B295DA07600B093CE;
			productRefGroup = 0168CC95295DA07600B093CE /* Products */;
			projectDirPath = "";
			projectRoot = "";
			targets = (
				0168CC93295DA07600B093CE /* MobileLifeTest */,
				0168CCAC295DA07700B093CE /* MobileLifeTestTests */,
				0168CCB6295DA07700B093CE /* MobileLifeTestUITests */,
			);
		};
/* End PBXProject section */

/* Begin PBXResourcesBuildPhase section */
		0168CC92295DA07600B093CE /* Resources */ = {
			isa = PBXResourcesBuildPhase;
			buildActionMask = 2147483647;
			files = (
				0168CCA7295DA07700B093CE /* LaunchScreen.storyboard in Resources */,
				019F8D9529665EED00685589 /* Localizable.strings in Resources */,
				0168CCA4295DA07600B093CE /* Assets.xcassets in Resources */,
			);
			runOnlyForDeploymentPostprocessing = 0;
		};
		0168CCAB295DA07700B093CE /* Resources */ = {
			isa = PBXResourcesBuildPhase;
			buildActionMask = 2147483647;
			files = (
			);
			runOnlyForDeploymentPostprocessing = 0;
		};
		0168CCB5295DA07700B093CE /* Resources */ = {
			isa = PBXResourcesBuildPhase;
			buildActionMask = 2147483647;
			files = (
			);
			runOnlyForDeploymentPostprocessing = 0;
		};
/* End PBXResourcesBuildPhase section */

/* Begin PBXShellScriptBuildPhase section */
		8978DE0D3AA4935FB8C2EADF /* [CP] Check Pods Manifest.lock */ = {
			isa = PBXShellScriptBuildPhase;
			buildActionMask = 2147483647;
			files = (
			);
			inputFileListPaths = (
			);
			inputPaths = (
				"${PODS_PODFILE_DIR_PATH}/Podfile.lock",
				"${PODS_ROOT}/Manifest.lock",
			);
			name = "[CP] Check Pods Manifest.lock";
			outputFileListPaths = (
			);
			outputPaths = (
				"$(DERIVED_FILE_DIR)/Pods-MobileLifeTest-checkManifestLockResult.txt",
			);
			runOnlyForDeploymentPostprocessing = 0;
			shellPath = /bin/sh;
			shellScript = "diff \"${PODS_PODFILE_DIR_PATH}/Podfile.lock\" \"${PODS_ROOT}/Manifest.lock\" > /dev/null\nif [ $? != 0 ] ; then\n    # print error to STDERR\n    echo \"error: The sandbox is not in sync with the Podfile.lock. Run 'pod install' or update your CocoaPods installation.\" >&2\n    exit 1\nfi\n# This output is used by Xcode 'outputs' to avoid re-running this script phase.\necho \"SUCCESS\" > \"${SCRIPT_OUTPUT_FILE_0}\"\n";
			showEnvVarsInLog = 0;
		};
/* End PBXShellScriptBuildPhase section */

/* Begin PBXSourcesBuildPhase section */
		0168CC90295DA07600B093CE /* Sources */ = {
			isa = PBXSourcesBuildPhase;
			buildActionMask = 2147483647;
			files = (
				019F8D8E29654DC000685589 /* ImageDetailViewModel.swift in Sources */,
				019F8D9029654E6000685589 /* ImageDetailView.swift in Sources */,
				019F8D86295E7C7400685589 /* CGSize+FitScreen.swift in Sources */,
				0168CCD1295DA85C00B093CE /* ImageCollectionViewModel.swift in Sources */,
				019F8D892965469500685589 /* Coordinator.swift in Sources */,
				019F8D77295DB45900685589 /* URLType.swift in Sources */,
				019F8D92296564A000685589 /* TitleValueTableViewCell.swift in Sources */,
				019F8D75295DB3DD00685589 /* Picture.swift in Sources */,
				0168CCCE295DA47800B093CE /* ImageCollectionView.swift in Sources */,
				0168CC9C295DA07600B093CE /* ImageCollectionViewController.swift in Sources */,
				014385BE2966698A00E754E9 /* SegmentedControlTableViewCell.swift in Sources */,
				0168CC98295DA07600B093CE /* AppDelegate.swift in Sources */,
				019F8D7F295DC4CA00685589 /* ImageCollectionViewCell.swift in Sources */,
				019F8D8C2965471600685589 /* ImageDetailViewController.swift in Sources */,
				019F8D83295DD12A00685589 /* SnappingCollectionViewFlowLayout.swift in Sources */,
				0168CC9A295DA07600B093CE /* SceneDelegate.swift in Sources */,
				0168CCA2295DA07600B093CE /* MobileLifeTest.xcdatamodeld in Sources */,
				019F8D72295DB2D400685589 /* API.swift in Sources */,
			);
			runOnlyForDeploymentPostprocessing = 0;
		};
		0168CCA9295DA07700B093CE /* Sources */ = {
			isa = PBXSourcesBuildPhase;
			buildActionMask = 2147483647;
			files = (
				0168CCB2295DA07700B093CE /* MobileLifeTestTests.swift in Sources */,
			);
			runOnlyForDeploymentPostprocessing = 0;
		};
		0168CCB3295DA07700B093CE /* Sources */ = {
			isa = PBXSourcesBuildPhase;
			buildActionMask = 2147483647;
			files = (
				0168CCBE295DA07700B093CE /* MobileLifeTestUITestsLaunchTests.swift in Sources */,
				0168CCBC295DA07700B093CE /* MobileLifeTestUITests.swift in Sources */,
			);
			runOnlyForDeploymentPostprocessing = 0;
		};
/* End PBXSourcesBuildPhase section */

/* Begin PBXTargetDependency section */
		0168CCAF295DA07700B093CE /* PBXTargetDependency */ = {
			isa = PBXTargetDependency;
			target = 0168CC93295DA07600B093CE /* MobileLifeTest */;
			targetProxy = 0168CCAE295DA07700B093CE /* PBXContainerItemProxy */;
		};
		0168CCB9295DA07700B093CE /* PBXTargetDependency */ = {
			isa = PBXTargetDependency;
			target = 0168CC93295DA07600B093CE /* MobileLifeTest */;
			targetProxy = 0168CCB8295DA07700B093CE /* PBXContainerItemProxy */;
		};
/* End PBXTargetDependency section */

/* Begin PBXVariantGroup section */
		0168CCA5295DA07600B093CE /* LaunchScreen.storyboard */ = {
			isa = PBXVariantGroup;
			children = (
				0168CCA6295DA07700B093CE /* Base */,
			);
			name = LaunchScreen.storyboard;
			sourceTree = "<group>";
		};
		019F8D9729665EED00685589 /* Localizable.strings */ = {
			isa = PBXVariantGroup;
			children = (
				019F8D9629665EED00685589 /* en */,
			);
			name = Localizable.strings;
			sourceTree = "<group>";
		};
/* End PBXVariantGroup section */

/* Begin XCBuildConfiguration section */
		0168CCBF295DA07700B093CE /* Debug */ = {
			isa = XCBuildConfiguration;
			buildSettings = {
				ALWAYS_SEARCH_USER_PATHS = NO;
				CLANG_ANALYZER_NONNULL = YES;
				CLANG_ANALYZER_NUMBER_OBJECT_CONVERSION = YES_AGGRESSIVE;
				CLANG_CXX_LANGUAGE_STANDARD = "gnu++20";
				CLANG_ENABLE_MODULES = YES;
				CLANG_ENABLE_OBJC_ARC = YES;
				CLANG_ENABLE_OBJC_WEAK = YES;
				CLANG_WARN_BLOCK_CAPTURE_AUTORELEASING = YES;
				CLANG_WARN_BOOL_CONVERSION = YES;
				CLANG_WARN_COMMA = YES;
				CLANG_WARN_CONSTANT_CONVERSION = YES;
				CLANG_WARN_DEPRECATED_OBJC_IMPLEMENTATIONS = YES;
				CLANG_WARN_DIRECT_OBJC_ISA_USAGE = YES_ERROR;
				CLANG_WARN_DOCUMENTATION_COMMENTS = YES;
				CLANG_WARN_EMPTY_BODY = YES;
				CLANG_WARN_ENUM_CONVERSION = YES;
				CLANG_WARN_INFINITE_RECURSION = YES;
				CLANG_WARN_INT_CONVERSION = YES;
				CLANG_WARN_NON_LITERAL_NULL_CONVERSION = YES;
				CLANG_WARN_OBJC_IMPLICIT_RETAIN_SELF = YES;
				CLANG_WARN_OBJC_LITERAL_CONVERSION = YES;
				CLANG_WARN_OBJC_ROOT_CLASS = YES_ERROR;
				CLANG_WARN_QUOTED_INCLUDE_IN_FRAMEWORK_HEADER = YES;
				CLANG_WARN_RANGE_LOOP_ANALYSIS = YES;
				CLANG_WARN_STRICT_PROTOTYPES = YES;
				CLANG_WARN_SUSPICIOUS_MOVE = YES;
				CLANG_WARN_UNGUARDED_AVAILABILITY = YES_AGGRESSIVE;
				CLANG_WARN_UNREACHABLE_CODE = YES;
				CLANG_WARN__DUPLICATE_METHOD_MATCH = YES;
				COPY_PHASE_STRIP = NO;
				DEBUG_INFORMATION_FORMAT = dwarf;
				ENABLE_STRICT_OBJC_MSGSEND = YES;
				ENABLE_TESTABILITY = YES;
				GCC_C_LANGUAGE_STANDARD = gnu11;
				GCC_DYNAMIC_NO_PIC = NO;
				GCC_NO_COMMON_BLOCKS = YES;
				GCC_OPTIMIZATION_LEVEL = 0;
				GCC_PREPROCESSOR_DEFINITIONS = (
					"DEBUG=1",
					"$(inherited)",
				);
				GCC_WARN_64_TO_32_BIT_CONVERSION = YES;
				GCC_WARN_ABOUT_RETURN_TYPE = YES_ERROR;
				GCC_WARN_UNDECLARED_SELECTOR = YES;
				GCC_WARN_UNINITIALIZED_AUTOS = YES_AGGRESSIVE;
				GCC_WARN_UNUSED_FUNCTION = YES;
				GCC_WARN_UNUSED_VARIABLE = YES;
				IPHONEOS_DEPLOYMENT_TARGET = 16.1;
				MTL_ENABLE_DEBUG_INFO = INCLUDE_SOURCE;
				MTL_FAST_MATH = YES;
				ONLY_ACTIVE_ARCH = YES;
				SDKROOT = iphoneos;
				SWIFT_ACTIVE_COMPILATION_CONDITIONS = DEBUG;
				SWIFT_OPTIMIZATION_LEVEL = "-Onone";
			};
			name = Debug;
		};
		0168CCC0295DA07700B093CE /* Release */ = {
			isa = XCBuildConfiguration;
			buildSettings = {
				ALWAYS_SEARCH_USER_PATHS = NO;
				CLANG_ANALYZER_NONNULL = YES;
				CLANG_ANALYZER_NUMBER_OBJECT_CONVERSION = YES_AGGRESSIVE;
				CLANG_CXX_LANGUAGE_STANDARD = "gnu++20";
				CLANG_ENABLE_MODULES = YES;
				CLANG_ENABLE_OBJC_ARC = YES;
				CLANG_ENABLE_OBJC_WEAK = YES;
				CLANG_WARN_BLOCK_CAPTURE_AUTORELEASING = YES;
				CLANG_WARN_BOOL_CONVERSION = YES;
				CLANG_WARN_COMMA = YES;
				CLANG_WARN_CONSTANT_CONVERSION = YES;
				CLANG_WARN_DEPRECATED_OBJC_IMPLEMENTATIONS = YES;
				CLANG_WARN_DIRECT_OBJC_ISA_USAGE = YES_ERROR;
				CLANG_WARN_DOCUMENTATION_COMMENTS = YES;
				CLANG_WARN_EMPTY_BODY = YES;
				CLANG_WARN_ENUM_CONVERSION = YES;
				CLANG_WARN_INFINITE_RECURSION = YES;
				CLANG_WARN_INT_CONVERSION = YES;
				CLANG_WARN_NON_LITERAL_NULL_CONVERSION = YES;
				CLANG_WARN_OBJC_IMPLICIT_RETAIN_SELF = YES;
				CLANG_WARN_OBJC_LITERAL_CONVERSION = YES;
				CLANG_WARN_OBJC_ROOT_CLASS = YES_ERROR;
				CLANG_WARN_QUOTED_INCLUDE_IN_FRAMEWORK_HEADER = YES;
				CLANG_WARN_RANGE_LOOP_ANALYSIS = YES;
				CLANG_WARN_STRICT_PROTOTYPES = YES;
				CLANG_WARN_SUSPICIOUS_MOVE = YES;
				CLANG_WARN_UNGUARDED_AVAILABILITY = YES_AGGRESSIVE;
				CLANG_WARN_UNREACHABLE_CODE = YES;
				CLANG_WARN__DUPLICATE_METHOD_MATCH = YES;
				COPY_PHASE_STRIP = NO;
				DEBUG_INFORMATION_FORMAT = "dwarf-with-dsym";
				ENABLE_NS_ASSERTIONS = NO;
				ENABLE_STRICT_OBJC_MSGSEND = YES;
				GCC_C_LANGUAGE_STANDARD = gnu11;
				GCC_NO_COMMON_BLOCKS = YES;
				GCC_WARN_64_TO_32_BIT_CONVERSION = YES;
				GCC_WARN_ABOUT_RETURN_TYPE = YES_ERROR;
				GCC_WARN_UNDECLARED_SELECTOR = YES;
				GCC_WARN_UNINITIALIZED_AUTOS = YES_AGGRESSIVE;
				GCC_WARN_UNUSED_FUNCTION = YES;
				GCC_WARN_UNUSED_VARIABLE = YES;
				IPHONEOS_DEPLOYMENT_TARGET = 16.1;
				MTL_ENABLE_DEBUG_INFO = NO;
				MTL_FAST_MATH = YES;
				SDKROOT = iphoneos;
				SWIFT_COMPILATION_MODE = wholemodule;
				SWIFT_OPTIMIZATION_LEVEL = "-O";
				VALIDATE_PRODUCT = YES;
			};
			name = Release;
		};
		0168CCC2295DA07700B093CE /* Debug */ = {
			isa = XCBuildConfiguration;
			baseConfigurationReference = 295AB571550CCF4F1C22C378 /* Pods-MobileLifeTest.debug.xcconfig */;
			buildSettings = {
				ASSETCATALOG_COMPILER_APPICON_NAME = AppIcon;
				ASSETCATALOG_COMPILER_GLOBAL_ACCENT_COLOR_NAME = AccentColor;
				CODE_SIGN_STYLE = Automatic;
				CURRENT_PROJECT_VERSION = 1;
				GENERATE_INFOPLIST_FILE = YES;
				INFOPLIST_FILE = MobileLifeTest/Info.plist;
				INFOPLIST_KEY_UIApplicationSupportsIndirectInputEvents = YES;
				INFOPLIST_KEY_UILaunchStoryboardName = LaunchScreen;
				INFOPLIST_KEY_UISupportedInterfaceOrientations_iPad = "UIInterfaceOrientationPortrait UIInterfaceOrientationPortraitUpsideDown UIInterfaceOrientationLandscapeLeft UIInterfaceOrientationLandscapeRight";
				INFOPLIST_KEY_UISupportedInterfaceOrientations_iPhone = "UIInterfaceOrientationPortrait UIInterfaceOrientationLandscapeLeft UIInterfaceOrientationLandscapeRight";
				LD_RUNPATH_SEARCH_PATHS = (
					"$(inherited)",
					"@executable_path/Frameworks",
				);
				MARKETING_VERSION = 1.0;
				PRODUCT_BUNDLE_IDENTIFIER = com.brickandblockstore.MobileLifeTest;
				PRODUCT_NAME = "$(TARGET_NAME)";
				SWIFT_EMIT_LOC_STRINGS = YES;
				SWIFT_VERSION = 5.0;
				TARGETED_DEVICE_FAMILY = "1,2";
			};
			name = Debug;
		};
		0168CCC3295DA07700B093CE /* Release */ = {
			isa = XCBuildConfiguration;
			baseConfigurationReference = 5240E93AEE3E03C4BEA884E4 /* Pods-MobileLifeTest.release.xcconfig */;
			buildSettings = {
				ASSETCATALOG_COMPILER_APPICON_NAME = AppIcon;
				ASSETCATALOG_COMPILER_GLOBAL_ACCENT_COLOR_NAME = AccentColor;
				CODE_SIGN_STYLE = Automatic;
				CURRENT_PROJECT_VERSION = 1;
				GENERATE_INFOPLIST_FILE = YES;
				INFOPLIST_FILE = MobileLifeTest/Info.plist;
				INFOPLIST_KEY_UIApplicationSupportsIndirectInputEvents = YES;
				INFOPLIST_KEY_UILaunchStoryboardName = LaunchScreen;
				INFOPLIST_KEY_UISupportedInterfaceOrientations_iPad = "UIInterfaceOrientationPortrait UIInterfaceOrientationPortraitUpsideDown UIInterfaceOrientationLandscapeLeft UIInterfaceOrientationLandscapeRight";
				INFOPLIST_KEY_UISupportedInterfaceOrientations_iPhone = "UIInterfaceOrientationPortrait UIInterfaceOrientationLandscapeLeft UIInterfaceOrientationLandscapeRight";
				LD_RUNPATH_SEARCH_PATHS = (
					"$(inherited)",
					"@executable_path/Frameworks",
				);
				MARKETING_VERSION = 1.0;
				PRODUCT_BUNDLE_IDENTIFIER = com.brickandblockstore.MobileLifeTest;
				PRODUCT_NAME = "$(TARGET_NAME)";
				SWIFT_EMIT_LOC_STRINGS = YES;
				SWIFT_VERSION = 5.0;
				TARGETED_DEVICE_FAMILY = "1,2";
			};
			name = Release;
		};
		0168CCC5295DA07700B093CE /* Debug */ = {
			isa = XCBuildConfiguration;
			buildSettings = {
				ALWAYS_EMBED_SWIFT_STANDARD_LIBRARIES = YES;
				BUNDLE_LOADER = "$(TEST_HOST)";
				CODE_SIGN_STYLE = Automatic;
				CURRENT_PROJECT_VERSION = 1;
				GENERATE_INFOPLIST_FILE = YES;
				IPHONEOS_DEPLOYMENT_TARGET = 16.1;
				MARKETING_VERSION = 1.0;
				PRODUCT_BUNDLE_IDENTIFIER = com.brickandblockstore.MobileLifeTestTests;
				PRODUCT_NAME = "$(TARGET_NAME)";
				SWIFT_EMIT_LOC_STRINGS = NO;
				SWIFT_VERSION = 5.0;
				TARGETED_DEVICE_FAMILY = "1,2";
				TEST_HOST = "$(BUILT_PRODUCTS_DIR)/MobileLifeTest.app/$(BUNDLE_EXECUTABLE_FOLDER_PATH)/MobileLifeTest";
			};
			name = Debug;
		};
		0168CCC6295DA07700B093CE /* Release */ = {
			isa = XCBuildConfiguration;
			buildSettings = {
				ALWAYS_EMBED_SWIFT_STANDARD_LIBRARIES = YES;
				BUNDLE_LOADER = "$(TEST_HOST)";
				CODE_SIGN_STYLE = Automatic;
				CURRENT_PROJECT_VERSION = 1;
				GENERATE_INFOPLIST_FILE = YES;
				IPHONEOS_DEPLOYMENT_TARGET = 16.1;
				MARKETING_VERSION = 1.0;
				PRODUCT_BUNDLE_IDENTIFIER = com.brickandblockstore.MobileLifeTestTests;
				PRODUCT_NAME = "$(TARGET_NAME)";
				SWIFT_EMIT_LOC_STRINGS = NO;
				SWIFT_VERSION = 5.0;
				TARGETED_DEVICE_FAMILY = "1,2";
				TEST_HOST = "$(BUILT_PRODUCTS_DIR)/MobileLifeTest.app/$(BUNDLE_EXECUTABLE_FOLDER_PATH)/MobileLifeTest";
			};
			name = Release;
		};
		0168CCC8295DA07700B093CE /* Debug */ = {
			isa = XCBuildConfiguration;
			buildSettings = {
				ALWAYS_EMBED_SWIFT_STANDARD_LIBRARIES = YES;
				CODE_SIGN_STYLE = Automatic;
				CURRENT_PROJECT_VERSION = 1;
				GENERATE_INFOPLIST_FILE = YES;
				MARKETING_VERSION = 1.0;
				PRODUCT_BUNDLE_IDENTIFIER = com.brickandblockstore.MobileLifeTestUITests;
				PRODUCT_NAME = "$(TARGET_NAME)";
				SWIFT_EMIT_LOC_STRINGS = NO;
				SWIFT_VERSION = 5.0;
				TARGETED_DEVICE_FAMILY = "1,2";
				TEST_TARGET_NAME = MobileLifeTest;
			};
			name = Debug;
		};
		0168CCC9295DA07700B093CE /* Release */ = {
			isa = XCBuildConfiguration;
			buildSettings = {
				ALWAYS_EMBED_SWIFT_STANDARD_LIBRARIES = YES;
				CODE_SIGN_STYLE = Automatic;
				CURRENT_PROJECT_VERSION = 1;
				GENERATE_INFOPLIST_FILE = YES;
				MARKETING_VERSION = 1.0;
				PRODUCT_BUNDLE_IDENTIFIER = com.brickandblockstore.MobileLifeTestUITests;
				PRODUCT_NAME = "$(TARGET_NAME)";
				SWIFT_EMIT_LOC_STRINGS = NO;
				SWIFT_VERSION = 5.0;
				TARGETED_DEVICE_FAMILY = "1,2";
				TEST_TARGET_NAME = MobileLifeTest;
			};
			name = Release;
		};
/* End XCBuildConfiguration section */

/* Begin XCConfigurationList section */
		0168CC8F295DA07600B093CE /* Build configuration list for PBXProject "MobileLifeTest" */ = {
			isa = XCConfigurationList;
			buildConfigurations = (
				0168CCBF295DA07700B093CE /* Debug */,
				0168CCC0295DA07700B093CE /* Release */,
			);
			defaultConfigurationIsVisible = 0;
			defaultConfigurationName = Release;
		};
		0168CCC1295DA07700B093CE /* Build configuration list for PBXNativeTarget "MobileLifeTest" */ = {
			isa = XCConfigurationList;
			buildConfigurations = (
				0168CCC2295DA07700B093CE /* Debug */,
				0168CCC3295DA07700B093CE /* Release */,
			);
			defaultConfigurationIsVisible = 0;
			defaultConfigurationName = Release;
		};
		0168CCC4295DA07700B093CE /* Build configuration list for PBXNativeTarget "MobileLifeTestTests" */ = {
			isa = XCConfigurationList;
			buildConfigurations = (
				0168CCC5295DA07700B093CE /* Debug */,
				0168CCC6295DA07700B093CE /* Release */,
			);
			defaultConfigurationIsVisible = 0;
			defaultConfigurationName = Release;
		};
		0168CCC7295DA07700B093CE /* Build configuration list for PBXNativeTarget "MobileLifeTestUITests" */ = {
			isa = XCConfigurationList;
			buildConfigurations = (
				0168CCC8295DA07700B093CE /* Debug */,
				0168CCC9295DA07700B093CE /* Release */,
			);
			defaultConfigurationIsVisible = 0;
			defaultConfigurationName = Release;
		};
/* End XCConfigurationList section */

/* Begin XCVersionGroup section */
		0168CCA0295DA07600B093CE /* MobileLifeTest.xcdatamodeld */ = {
			isa = XCVersionGroup;
			children = (
				0168CCA1295DA07600B093CE /* MobileLifeTest.xcdatamodel */,
			);
			currentVersion = 0168CCA1295DA07600B093CE /* MobileLifeTest.xcdatamodel */;
			path = MobileLifeTest.xcdatamodeld;
			sourceTree = "<group>";
			versionGroupType = wrapper.xcdatamodel;
		};
/* End XCVersionGroup section */
	};
	rootObject = 0168CC8C295DA07600B093CE /* Project object */;
}
